{
    "name": "ncku",
    "version": "1.0.0",
    "lockfileVersion": 2,
    "requires": true,
    "packages": {
        "": {
            "version": "1.0.0",
            "license": "ISC",
            "dependencies": {
                "@antv/g2": "^4.1.17",
                "vue": "^3.1.1"
            },
            "devDependencies": {
                "esbuild": "^0.12.6"
            }
        },
        "node_modules/@antv/adjust": {
            "version": "0.2.3",
            "resolved": "https://registry.npmjs.org/@antv/adjust/-/adjust-0.2.3.tgz",
            "integrity": "sha512-rihqcCdS7piQnK1nRlCvbIaj2QeaqghxINXiMpTJp+0c9cKlTUwL7/2r+gv9YN5R0P1WzSHTmK2Sn+bQCJDo0Q==",
            "dependencies": {
                "@antv/util": "~2.0.0",
                "tslib": "^1.10.0"
            }
        },
        "node_modules/@antv/adjust/node_modules/tslib": {
            "version": "1.14.1",
            "resolved": "https://registry.npmjs.org/tslib/-/tslib-1.14.1.tgz",
            "integrity": "sha512-Xni35NKzjgMrwevysHTCArtLDpPvye8zV/0E4EyYn43P7/7qvQwPh9BGkHewbMulVntbigmcT7rdX3BNo9wRJg=="
        },
        "node_modules/@antv/attr": {
            "version": "0.3.2",
            "resolved": "https://registry.npmjs.org/@antv/attr/-/attr-0.3.2.tgz",
            "integrity": "sha512-31PfcVKeQdPBmr/QD+IC0NB/FbdtVKOXBCNMepFc5/dEs7jphmgG1V4tfAJmcXIHubCTHOjpscTrDIvoKSGvMQ==",
            "dependencies": {
                "@antv/color-util": "^2.0.1",
                "@antv/util": "~2.0.0",
                "tslib": "^1.10.0"
            }
        },
        "node_modules/@antv/attr/node_modules/tslib": {
            "version": "1.14.1",
            "resolved": "https://registry.npmjs.org/tslib/-/tslib-1.14.1.tgz",
            "integrity": "sha512-Xni35NKzjgMrwevysHTCArtLDpPvye8zV/0E4EyYn43P7/7qvQwPh9BGkHewbMulVntbigmcT7rdX3BNo9wRJg=="
        },
        "node_modules/@antv/color-util": {
            "version": "2.0.6",
            "resolved": "https://registry.npmjs.org/@antv/color-util/-/color-util-2.0.6.tgz",
            "integrity": "sha512-KnPEaAH+XNJMjax9U35W67nzPI+QQ2x27pYlzmSIWrbj4/k8PGrARXfzDTjwoozHJY8qG62Z+Ww6Alhu2FctXQ==",
            "dependencies": {
                "@antv/util": "^2.0.9",
                "tslib": "^2.0.3"
            }
        },
        "node_modules/@antv/component": {
            "version": "0.8.12",
            "resolved": "https://registry.npmjs.org/@antv/component/-/component-0.8.12.tgz",
            "integrity": "sha512-B02/NVwy9k+OJvAy0Ns6nbZgSlFrD0qRbTCI20t6H2qHEZfbiASKa/1TJXCNTcLNTmWfCEsyL2dpZR9MW0rx9g==",
            "dependencies": {
                "@antv/dom-util": "~2.0.1",
                "@antv/g-base": "0.5.6",
                "@antv/matrix-util": "^3.1.0-beta.1",
                "@antv/path-util": "~2.0.7",
                "@antv/scale": "~0.3.1",
                "@antv/util": "~2.0.0",
                "fecha": "~4.2.0",
                "tslib": "^2.0.3"
            }
        },
        "node_modules/@antv/component/node_modules/@antv/g-base": {
            "version": "0.5.6",
            "resolved": "https://registry.npmjs.org/@antv/g-base/-/g-base-0.5.6.tgz",
            "integrity": "sha512-szxqFQ/xdCnfaeSEEC2kVjXdKxJnvKKJNT0MvaOG3UXOfsjPDLgb3IKLr+bU3sLvTAQfPhsbtYh7mWb03+mGjA==",
            "dependencies": {
                "@antv/event-emitter": "^0.1.1",
                "@antv/g-math": "^0.1.6",
                "@antv/matrix-util": "^3.1.0-beta.1",
                "@antv/path-util": "~2.0.5",
                "@antv/util": "~2.0.0",
                "@types/d3-timer": "^2.0.0",
                "d3-ease": "^1.0.5",
                "d3-interpolate": "^1.3.2",
                "d3-timer": "^1.0.9",
                "detect-browser": "^5.1.0",
                "tslib": "^2.0.3"
            }
        },
        "node_modules/@antv/coord": {
            "version": "0.3.1",
            "resolved": "https://registry.npmjs.org/@antv/coord/-/coord-0.3.1.tgz",
            "integrity": "sha512-rFE94C8Xzbx4xmZnHh2AnlB3Qm1n5x0VT3OROy257IH6Rm4cuzv1+tZaUBATviwZd99S+rOY9telw/+6C9GbRw==",
            "dependencies": {
                "@antv/matrix-util": "^3.1.0-beta.2",
                "@antv/util": "~2.0.12",
                "tslib": "^2.1.0"
            }
        },
        "node_modules/@antv/dom-util": {
            "version": "2.0.3",
            "resolved": "https://registry.npmjs.org/@antv/dom-util/-/dom-util-2.0.3.tgz",
            "integrity": "sha512-dUHsUT4U9X1T1/Y9bH3jRMe0MzvWJk2jSQm1vm3w9NX+Ra0ftq5VUBiGTNbthm3nFwG0fFFjip904rYjl50g4A==",
            "dependencies": {
                "tslib": "^2.0.3"
            }
        },
        "node_modules/@antv/event-emitter": {
            "version": "0.1.2",
            "resolved": "https://registry.npmjs.org/@antv/event-emitter/-/event-emitter-0.1.2.tgz",
            "integrity": "sha512-6C6NJOdoNVptCr5y9BVOhKkCgW7LFs/SpcRyAExUeSjAm0zJqcqNkSIRGsXYhj4PJI+CZICHzGwwiSnIsE68Ug=="
        },
        "node_modules/@antv/g-base": {
            "version": "0.5.9",
            "resolved": "https://registry.npmjs.org/@antv/g-base/-/g-base-0.5.9.tgz",
            "integrity": "sha512-IAzuCLRmz9cKCWUKR3cKWgLZ/6OQYpTCIOgxAP8Bc+HRw0mu8iC3OTz+tWKGv9L8unpvCvpQd1H+OTTjdg/TpQ==",
            "dependencies": {
                "@antv/event-emitter": "^0.1.1",
                "@antv/g-math": "^0.1.6",
                "@antv/matrix-util": "^3.1.0-beta.1",
                "@antv/path-util": "~2.0.5",
                "@antv/util": "~2.0.0",
                "@types/d3-timer": "^2.0.0",
                "d3-ease": "^1.0.5",
                "d3-interpolate": "^1.3.2",
                "d3-timer": "^1.0.9",
                "detect-browser": "^5.1.0",
                "tslib": "^2.0.3"
            }
        },
        "node_modules/@antv/g-canvas": {
            "version": "0.5.10",
            "resolved": "https://registry.npmjs.org/@antv/g-canvas/-/g-canvas-0.5.10.tgz",
            "integrity": "sha512-U454VM7TlO/y1fYP9B9Fbj4QCl/CjQDxaCAHzg8SKq5FecSUseh7Gjliv4YMb3QAb9UCaNx0RUpobUCFBZgLhg==",
            "dependencies": {
                "@antv/g-base": "^0.5.3",
                "@antv/g-math": "^0.1.6",
                "@antv/matrix-util": "^3.1.0-beta.1",
                "@antv/path-util": "~2.0.5",
                "@antv/util": "~2.0.0",
                "gl-matrix": "^3.0.0",
                "tslib": "^2.0.3"
            }
        },
        "node_modules/@antv/g-math": {
            "version": "0.1.7",
            "resolved": "https://registry.npmjs.org/@antv/g-math/-/g-math-0.1.7.tgz",
            "integrity": "sha512-xGyXaloD1ynfp7gS4VuV+MjSptZIwHvLHr8ekXJSFAeWPYLu84yOW2wOZHDdp1bzDAIuRv6xDBW58YGHrWsFcA==",
            "dependencies": {
                "@antv/util": "~2.0.0",
                "gl-matrix": "^3.0.0"
            }
        },
        "node_modules/@antv/g-svg": {
            "version": "0.5.6",
            "resolved": "https://registry.npmjs.org/@antv/g-svg/-/g-svg-0.5.6.tgz",
            "integrity": "sha512-Xve1EUGk4HMbl2nq4ozR4QLh6GyoZ8Xw/+9kHYI4B5P2lIUQU95MuRsaLFfW5NNpZDx85ZeH97tqEmC9L96E7A==",
            "dependencies": {
                "@antv/g-base": "^0.5.3",
                "@antv/g-math": "^0.1.6",
                "@antv/util": "~2.0.0",
                "detect-browser": "^5.0.0",
                "tslib": "^2.0.3"
            }
        },
        "node_modules/@antv/g2": {
            "version": "4.1.17",
            "resolved": "https://registry.npmjs.org/@antv/g2/-/g2-4.1.17.tgz",
            "integrity": "sha512-rtWywxfNglp7WXbuux6Q9MPIhdFqPybNllEuzOVYC8r0sOxJnC2QZxiIYGemjmw6tMT5ETGI33PCzUfiGEE5KA==",
            "dependencies": {
                "@antv/adjust": "^0.2.1",
                "@antv/attr": "^0.3.1",
                "@antv/color-util": "^2.0.2",
                "@antv/component": "^0.8.7",
                "@antv/coord": "^0.3.0",
                "@antv/dom-util": "^2.0.2",
                "@antv/event-emitter": "~0.1.0",
                "@antv/g-base": "~0.5.6",
                "@antv/g-canvas": "~0.5.10",
                "@antv/g-svg": "~0.5.6",
                "@antv/matrix-util": "^3.1.0-beta.1",
                "@antv/path-util": "^2.0.3",
                "@antv/scale": "^0.3.7",
                "@antv/util": "~2.0.5",
                "tslib": "^2.0.0"
            }
        },
        "node_modules/@antv/matrix-util": {
            "version": "3.1.0-beta.2",
            "resolved": "https://registry.npmjs.org/@antv/matrix-util/-/matrix-util-3.1.0-beta.2.tgz",
            "integrity": "sha512-Efwp0ZHxVDK/8RUa/RRWN7HKFHJmjn7Oq5HaNBbCmsxd7JTla3Zsoq1AZrjWMDlq0lplo77urclwI+XIW8NEHw==",
            "dependencies": {
                "@antv/util": "^2.0.9",
                "gl-matrix": "^3.3.0",
                "tslib": "^1.10.0"
            }
        },
        "node_modules/@antv/matrix-util/node_modules/tslib": {
            "version": "1.14.1",
            "resolved": "https://registry.npmjs.org/tslib/-/tslib-1.14.1.tgz",
            "integrity": "sha512-Xni35NKzjgMrwevysHTCArtLDpPvye8zV/0E4EyYn43P7/7qvQwPh9BGkHewbMulVntbigmcT7rdX3BNo9wRJg=="
        },
        "node_modules/@antv/path-util": {
            "version": "2.0.9",
            "resolved": "https://registry.npmjs.org/@antv/path-util/-/path-util-2.0.9.tgz",
            "integrity": "sha512-kunEz4dNheQMVn4rVFsoBDx+n9Knfi3uRLvDk9SojZAqpninsjFhdoiYtbExwJGz1FYGtiV10Y6N1tp73kZFcg==",
            "dependencies": {
                "@antv/util": "^2.0.9",
                "tslib": "^2.0.3"
            }
        },
        "node_modules/@antv/scale": {
            "version": "0.3.10",
            "resolved": "https://registry.npmjs.org/@antv/scale/-/scale-0.3.10.tgz",
            "integrity": "sha512-WMs60cYp9YRqddSriP/RX7ZLQNj2oxTTkt7mm1J4N9/DFLIEBMW8/z7Qqv7enG5oBDKlG0cCkyL++ZY4aPrQUw==",
            "dependencies": {
                "@antv/util": "~2.0.3",
                "fecha": "~4.2.0",
                "tslib": "^2.0.0"
            }
        },
        "node_modules/@antv/util": {
            "version": "2.0.13",
            "resolved": "https://registry.npmjs.org/@antv/util/-/util-2.0.13.tgz",
            "integrity": "sha512-mfYL7K8XJIeDmal33K+6abr8Yb526YXKg5XQlddNo+X1Doll+gun6HxnbdySoLv21vW4bLkcbVPjqxWl7ZJAFA==",
            "dependencies": {
                "tslib": "^2.0.3"
            }
        },
        "node_modules/@babel/helper-validator-identifier": {
            "version": "7.14.0",
            "resolved": "https://registry.npmjs.org/@babel/helper-validator-identifier/-/helper-validator-identifier-7.14.0.tgz",
            "integrity": "sha512-V3ts7zMSu5lfiwWDVWzRDGIN+lnCEUdaXgtVHJgLb1rGaA6jMrtB9EmE7L18foXJIE8Un/A/h6NJfGQp/e1J4A=="
        },
        "node_modules/@babel/parser": {
            "version": "7.14.4",
            "resolved": "https://registry.npmjs.org/@babel/parser/-/parser-7.14.4.tgz",
            "integrity": "sha512-ArliyUsWDUqEGfWcmzpGUzNfLxTdTp6WU4IuP6QFSp9gGfWS6boxFCkJSJ/L4+RG8z/FnIU3WxCk6hPL9SSWeA==",
            "bin": {
                "parser": "bin/babel-parser.js"
            },
            "engines": {
                "node": ">=6.0.0"
            }
        },
        "node_modules/@babel/types": {
            "version": "7.14.4",
            "resolved": "https://registry.npmjs.org/@babel/types/-/types-7.14.4.tgz",
            "integrity": "sha512-lCj4aIs0xUefJFQnwwQv2Bxg7Omd6bgquZ6LGC+gGMh6/s5qDVfjuCMlDmYQ15SLsWHd9n+X3E75lKIhl5Lkiw==",
            "dependencies": {
                "@babel/helper-validator-identifier": "^7.14.0",
                "to-fast-properties": "^2.0.0"
            }
        },
        "node_modules/@types/d3-timer": {
            "version": "2.0.0",
            "resolved": "https://registry.npmjs.org/@types/d3-timer/-/d3-timer-2.0.0.tgz",
            "integrity": "sha512-l6stHr1VD1BWlW6u3pxrjLtJfpPZq9I3XmKIQtq7zHM/s6fwEtI1Yn6Sr5/jQTrUDCC5jkS6gWqlFGCDArDqNg=="
        },
        "node_modules/@vue/compiler-core": {
            "version": "3.1.1",
            "resolved": "https://registry.npmjs.org/@vue/compiler-core/-/compiler-core-3.1.1.tgz",
            "integrity": "sha512-Z1RO3T6AEtAUFf2EqqovFm3ohAeTvFzRtB0qUENW2nEerJfdlk13/LS1a0EgsqlzxmYfR/S/S/gW9PLbFZZxkA==",
            "dependencies": {
                "@babel/parser": "^7.12.0",
                "@babel/types": "^7.12.0",
                "@vue/shared": "3.1.1",
                "estree-walker": "^2.0.1",
                "source-map": "^0.6.1"
            }
        },
        "node_modules/@vue/compiler-dom": {
            "version": "3.1.1",
            "resolved": "https://registry.npmjs.org/@vue/compiler-dom/-/compiler-dom-3.1.1.tgz",
            "integrity": "sha512-nobRIo0t5ibzg+q8nC31m+aJhbq8FbWUoKvk6h3Vs1EqTDJaj6lBTcVTq5or8AYht7FbSpdAJ81isbJ1rWNX7A==",
            "dependencies": {
                "@vue/compiler-core": "3.1.1",
                "@vue/shared": "3.1.1"
            }
        },
        "node_modules/@vue/reactivity": {
            "version": "3.1.1",
            "resolved": "https://registry.npmjs.org/@vue/reactivity/-/reactivity-3.1.1.tgz",
            "integrity": "sha512-DsH5woNVCcPK1M0RRYVgJEU1GJDU2ASOKpAqW3ppHk+XjoFLCbqc/26RTCgTpJYd9z8VN+79Q1u7/QqgQPbuLQ==",
            "dependencies": {
                "@vue/shared": "3.1.1"
            }
        },
        "node_modules/@vue/runtime-core": {
            "version": "3.1.1",
            "resolved": "https://registry.npmjs.org/@vue/runtime-core/-/runtime-core-3.1.1.tgz",
            "integrity": "sha512-GboqR02txOtkd9F3Ysd8ltPL68vTCqIx2p/J52/gFtpgb5FG9hvOAPEwFUqxeEJRu7ResvQnmdOHiEycGPCLhQ==",
            "dependencies": {
                "@vue/reactivity": "3.1.1",
                "@vue/shared": "3.1.1"
            }
        },
        "node_modules/@vue/runtime-dom": {
            "version": "3.1.1",
            "resolved": "https://registry.npmjs.org/@vue/runtime-dom/-/runtime-dom-3.1.1.tgz",
            "integrity": "sha512-o57n/199e/BBAmLRMSXmD2r12Old/h/gf6BgL0RON1NT2pwm6MWaMY4Ul55eyq+FsDILz4jR/UgoPQ9vYB8xcw==",
            "dependencies": {
                "@vue/runtime-core": "3.1.1",
                "@vue/shared": "3.1.1",
                "csstype": "^2.6.8"
            }
        },
        "node_modules/@vue/shared": {
            "version": "3.1.1",
            "resolved": "https://registry.npmjs.org/@vue/shared/-/shared-3.1.1.tgz",
            "integrity": "sha512-g+4pzAw7PYSjARtLBoDq6DmcblX8i9KJHSCnyM5VDDFFifUaUT9iHbFpOF/KOizQ9f7QAqU2JH3Y6aXjzUMhVA=="
        },
        "node_modules/csstype": {
            "version": "2.6.17",
            "resolved": "https://registry.npmjs.org/csstype/-/csstype-2.6.17.tgz",
            "integrity": "sha512-u1wmTI1jJGzCJzWndZo8mk4wnPTZd1eOIYTYvuEyOQGfmDl3TrabCCfKnOC86FZwW/9djqTl933UF/cS425i9A=="
        },
        "node_modules/d3-color": {
            "version": "1.4.1",
            "resolved": "https://registry.npmjs.org/d3-color/-/d3-color-1.4.1.tgz",
            "integrity": "sha512-p2sTHSLCJI2QKunbGb7ocOh7DgTAn8IrLx21QRc/BSnodXM4sv6aLQlnfpvehFMLZEfBc6g9pH9SWQccFYfJ9Q=="
        },
        "node_modules/d3-ease": {
            "version": "1.0.7",
            "resolved": "https://registry.npmjs.org/d3-ease/-/d3-ease-1.0.7.tgz",
            "integrity": "sha512-lx14ZPYkhNx0s/2HX5sLFUI3mbasHjSSpwO/KaaNACweVwxUruKyWVcb293wMv1RqTPZyZ8kSZ2NogUZNcLOFQ=="
        },
        "node_modules/d3-interpolate": {
            "version": "1.4.0",
            "resolved": "https://registry.npmjs.org/d3-interpolate/-/d3-interpolate-1.4.0.tgz",
            "integrity": "sha512-V9znK0zc3jOPV4VD2zZn0sDhZU3WAE2bmlxdIwwQPPzPjvyLkd8B3JUVdS1IDUFDkWZ72c9qnv1GK2ZagTZ8EA==",
            "dependencies": {
                "d3-color": "1"
            }
        },
        "node_modules/d3-timer": {
            "version": "1.0.10",
            "resolved": "https://registry.npmjs.org/d3-timer/-/d3-timer-1.0.10.tgz",
            "integrity": "sha512-B1JDm0XDaQC+uvo4DT79H0XmBskgS3l6Ve+1SBCfxgmtIb1AVrPIoqd+nPSv+loMX8szQ0sVUhGngL7D5QPiXw=="
        },
        "node_modules/detect-browser": {
            "version": "5.2.0",
            "resolved": "https://registry.npmjs.org/detect-browser/-/detect-browser-5.2.0.tgz",
            "integrity": "sha512-tr7XntDAu50BVENgQfajMLzacmSe34D+qZc4zjnniz0ZVuw/TZcLcyxHQjYpJTM36sGEkZZlYLnIM1hH7alTMA=="
        },
        "node_modules/esbuild": {
            "version": "0.12.6",
            "resolved": "https://registry.npmjs.org/esbuild/-/esbuild-0.12.6.tgz",
            "integrity": "sha512-RDvVLvAjsq/kIZJoneMiUOH7EE7t2QaW7T3Q7EdQij14+bZbDq5sndb0tTanmHIFSqZVMBMMyqzVHkS3dJobeA==",
            "dev": true,
            "hasInstallScript": true,
            "bin": {
                "esbuild": "bin/esbuild"
            }
        },
        "node_modules/estree-walker": {
            "version": "2.0.2",
            "resolved": "https://registry.npmjs.org/estree-walker/-/estree-walker-2.0.2.tgz",
            "integrity": "sha512-Rfkk/Mp/DL7JVje3u18FxFujQlTNR2q6QfMSMB7AvCBx91NGj/ba3kCfza0f6dVDbw7YlRf/nDrn7pQrCCyQ/w=="
        },
        "node_modules/fecha": {
            "version": "4.2.1",
            "resolved": "https://registry.npmjs.org/fecha/-/fecha-4.2.1.tgz",
            "integrity": "sha512-MMMQ0ludy/nBs1/o0zVOiKTpG7qMbonKUzjJgQFEuvq6INZ1OraKPRAWkBq5vlKLOUMpmNYG1JoN3oDPUQ9m3Q=="
        },
        "node_modules/gl-matrix": {
            "version": "3.3.0",
            "resolved": "https://registry.npmjs.org/gl-matrix/-/gl-matrix-3.3.0.tgz",
            "integrity": "sha512-COb7LDz+SXaHtl/h4LeaFcNdJdAQSDeVqjiIihSXNrkWObZLhDI4hIkZC11Aeqp7bcE72clzB0BnDXr2SmslRA=="
        },
        "node_modules/source-map": {
            "version": "0.6.1",
            "resolved": "https://registry.npmjs.org/source-map/-/source-map-0.6.1.tgz",
            "integrity": "sha512-UjgapumWlbMhkBgzT7Ykc5YXUT46F0iKu8SGXq0bcwP5dz/h0Plj6enJqjz1Zbq2l5WaqYnrVbwWOWMyF3F47g==",
            "engines": {
                "node": ">=0.10.0"
            }
        },
        "node_modules/to-fast-properties": {
            "version": "2.0.0",
            "resolved": "https://registry.npmjs.org/to-fast-properties/-/to-fast-properties-2.0.0.tgz",
            "integrity": "sha1-3F5pjL0HkmW8c+A3doGk5Og/YW4=",
            "engines": {
                "node": ">=4"
            }
        },
        "node_modules/tslib": {
            "version": "2.2.0",
            "resolved": "https://registry.npmjs.org/tslib/-/tslib-2.2.0.tgz",
            "integrity": "sha512-gS9GVHRU+RGn5KQM2rllAlR3dU6m7AcpJKdtH8gFvQiC4Otgk98XnmMU+nZenHt/+VhnBPWwgrJsyrdcw6i23w=="
        },
        "node_modules/vue": {
            "version": "3.1.1",
            "resolved": "https://registry.npmjs.org/vue/-/vue-3.1.1.tgz",
            "integrity": "sha512-j9fj3PNPMxo2eqOKYjMuss9XBS8ZtmczLY3kPvjcp9d3DbhyNqLYbaMQH18+1pDIzzVvQCQBvIf774LsjjqSKA==",
            "dependencies": {
                "@vue/compiler-dom": "3.1.1",
                "@vue/runtime-dom": "3.1.1",
                "@vue/shared": "3.1.1"
            }
        }
    },
    "dependencies": {
        "@antv/adjust": {
            "version": "0.2.3",
            "resolved": "https://registry.npmjs.org/@antv/adjust/-/adjust-0.2.3.tgz",
            "integrity": "sha512-rihqcCdS7piQnK1nRlCvbIaj2QeaqghxINXiMpTJp+0c9cKlTUwL7/2r+gv9YN5R0P1WzSHTmK2Sn+bQCJDo0Q==",
            "requires": {
                "@antv/util": "~2.0.0",
                "tslib": "^1.10.0"
            },
            "dependencies": {
                "tslib": {
                    "version": "1.14.1",
                    "resolved": "https://registry.npmjs.org/tslib/-/tslib-1.14.1.tgz",
                    "integrity": "sha512-Xni35NKzjgMrwevysHTCArtLDpPvye8zV/0E4EyYn43P7/7qvQwPh9BGkHewbMulVntbigmcT7rdX3BNo9wRJg=="
                }
            }
        },
        "@antv/attr": {
            "version": "0.3.2",
            "resolved": "https://registry.npmjs.org/@antv/attr/-/attr-0.3.2.tgz",
            "integrity": "sha512-31PfcVKeQdPBmr/QD+IC0NB/FbdtVKOXBCNMepFc5/dEs7jphmgG1V4tfAJmcXIHubCTHOjpscTrDIvoKSGvMQ==",
            "requires": {
                "@antv/color-util": "^2.0.1",
                "@antv/util": "~2.0.0",
                "tslib": "^1.10.0"
            },
            "dependencies": {
                "tslib": {
                    "version": "1.14.1",
                    "resolved": "https://registry.npmjs.org/tslib/-/tslib-1.14.1.tgz",
                    "integrity": "sha512-Xni35NKzjgMrwevysHTCArtLDpPvye8zV/0E4EyYn43P7/7qvQwPh9BGkHewbMulVntbigmcT7rdX3BNo9wRJg=="
                }
            }
        },
        "@antv/color-util": {
            "version": "2.0.6",
            "resolved": "https://registry.npmjs.org/@antv/color-util/-/color-util-2.0.6.tgz",
            "integrity": "sha512-KnPEaAH+XNJMjax9U35W67nzPI+QQ2x27pYlzmSIWrbj4/k8PGrARXfzDTjwoozHJY8qG62Z+Ww6Alhu2FctXQ==",
            "requires": {
                "@antv/util": "^2.0.9",
                "tslib": "^2.0.3"
            }
        },
        "@antv/component": {
            "version": "0.8.12",
            "resolved": "https://registry.npmjs.org/@antv/component/-/component-0.8.12.tgz",
            "integrity": "sha512-B02/NVwy9k+OJvAy0Ns6nbZgSlFrD0qRbTCI20t6H2qHEZfbiASKa/1TJXCNTcLNTmWfCEsyL2dpZR9MW0rx9g==",
            "requires": {
                "@antv/dom-util": "~2.0.1",
                "@antv/g-base": "0.5.6",
                "@antv/matrix-util": "^3.1.0-beta.1",
                "@antv/path-util": "~2.0.7",
                "@antv/scale": "~0.3.1",
                "@antv/util": "~2.0.0",
                "fecha": "~4.2.0",
                "tslib": "^2.0.3"
            },
            "dependencies": {
                "@antv/g-base": {
                    "version": "0.5.6",
                    "resolved": "https://registry.npmjs.org/@antv/g-base/-/g-base-0.5.6.tgz",
                    "integrity": "sha512-szxqFQ/xdCnfaeSEEC2kVjXdKxJnvKKJNT0MvaOG3UXOfsjPDLgb3IKLr+bU3sLvTAQfPhsbtYh7mWb03+mGjA==",
                    "requires": {
                        "@antv/event-emitter": "^0.1.1",
                        "@antv/g-math": "^0.1.6",
                        "@antv/matrix-util": "^3.1.0-beta.1",
                        "@antv/path-util": "~2.0.5",
                        "@antv/util": "~2.0.0",
                        "@types/d3-timer": "^2.0.0",
                        "d3-ease": "^1.0.5",
                        "d3-interpolate": "^1.3.2",
                        "d3-timer": "^1.0.9",
                        "detect-browser": "^5.1.0",
                        "tslib": "^2.0.3"
                    }
                }
            }
        },
        "@antv/coord": {
            "version": "0.3.1",
            "resolved": "https://registry.npmjs.org/@antv/coord/-/coord-0.3.1.tgz",
            "integrity": "sha512-rFE94C8Xzbx4xmZnHh2AnlB3Qm1n5x0VT3OROy257IH6Rm4cuzv1+tZaUBATviwZd99S+rOY9telw/+6C9GbRw==",
            "requires": {
                "@antv/matrix-util": "^3.1.0-beta.2",
                "@antv/util": "~2.0.12",
                "tslib": "^2.1.0"
            }
        },
        "@antv/dom-util": {
            "version": "2.0.3",
            "resolved": "https://registry.npmjs.org/@antv/dom-util/-/dom-util-2.0.3.tgz",
            "integrity": "sha512-dUHsUT4U9X1T1/Y9bH3jRMe0MzvWJk2jSQm1vm3w9NX+Ra0ftq5VUBiGTNbthm3nFwG0fFFjip904rYjl50g4A==",
            "requires": {
                "tslib": "^2.0.3"
            }
        },
        "@antv/event-emitter": {
            "version": "0.1.2",
            "resolved": "https://registry.npmjs.org/@antv/event-emitter/-/event-emitter-0.1.2.tgz",
            "integrity": "sha512-6C6NJOdoNVptCr5y9BVOhKkCgW7LFs/SpcRyAExUeSjAm0zJqcqNkSIRGsXYhj4PJI+CZICHzGwwiSnIsE68Ug=="
        },
        "@antv/g-base": {
            "version": "0.5.9",
            "resolved": "https://registry.npmjs.org/@antv/g-base/-/g-base-0.5.9.tgz",
            "integrity": "sha512-IAzuCLRmz9cKCWUKR3cKWgLZ/6OQYpTCIOgxAP8Bc+HRw0mu8iC3OTz+tWKGv9L8unpvCvpQd1H+OTTjdg/TpQ==",
            "requires": {
                "@antv/event-emitter": "^0.1.1",
                "@antv/g-math": "^0.1.6",
                "@antv/matrix-util": "^3.1.0-beta.1",
                "@antv/path-util": "~2.0.5",
                "@antv/util": "~2.0.0",
                "@types/d3-timer": "^2.0.0",
                "d3-ease": "^1.0.5",
                "d3-interpolate": "^1.3.2",
                "d3-timer": "^1.0.9",
                "detect-browser": "^5.1.0",
                "tslib": "^2.0.3"
            }
        },
        "@antv/g-canvas": {
            "version": "0.5.10",
            "resolved": "https://registry.npmjs.org/@antv/g-canvas/-/g-canvas-0.5.10.tgz",
            "integrity": "sha512-U454VM7TlO/y1fYP9B9Fbj4QCl/CjQDxaCAHzg8SKq5FecSUseh7Gjliv4YMb3QAb9UCaNx0RUpobUCFBZgLhg==",
            "requires": {
                "@antv/g-base": "^0.5.3",
                "@antv/g-math": "^0.1.6",
                "@antv/matrix-util": "^3.1.0-beta.1",
                "@antv/path-util": "~2.0.5",
                "@antv/util": "~2.0.0",
                "gl-matrix": "^3.0.0",
                "tslib": "^2.0.3"
            }
        },
        "@antv/g-math": {
            "version": "0.1.7",
            "resolved": "https://registry.npmjs.org/@antv/g-math/-/g-math-0.1.7.tgz",
            "integrity": "sha512-xGyXaloD1ynfp7gS4VuV+MjSptZIwHvLHr8ekXJSFAeWPYLu84yOW2wOZHDdp1bzDAIuRv6xDBW58YGHrWsFcA==",
            "requires": {
                "@antv/util": "~2.0.0",
                "gl-matrix": "^3.0.0"
            }
        },
        "@antv/g-svg": {
            "version": "0.5.6",
            "resolved": "https://registry.npmjs.org/@antv/g-svg/-/g-svg-0.5.6.tgz",
            "integrity": "sha512-Xve1EUGk4HMbl2nq4ozR4QLh6GyoZ8Xw/+9kHYI4B5P2lIUQU95MuRsaLFfW5NNpZDx85ZeH97tqEmC9L96E7A==",
            "requires": {
                "@antv/g-base": "^0.5.3",
                "@antv/g-math": "^0.1.6",
                "@antv/util": "~2.0.0",
                "detect-browser": "^5.0.0",
                "tslib": "^2.0.3"
            }
        },
        "@antv/g2": {
            "version": "4.1.17",
            "resolved": "https://registry.npmjs.org/@antv/g2/-/g2-4.1.17.tgz",
            "integrity": "sha512-rtWywxfNglp7WXbuux6Q9MPIhdFqPybNllEuzOVYC8r0sOxJnC2QZxiIYGemjmw6tMT5ETGI33PCzUfiGEE5KA==",
            "requires": {
                "@antv/adjust": "^0.2.1",
                "@antv/attr": "^0.3.1",
                "@antv/color-util": "^2.0.2",
                "@antv/component": "^0.8.7",
                "@antv/coord": "^0.3.0",
                "@antv/dom-util": "^2.0.2",
                "@antv/event-emitter": "~0.1.0",
                "@antv/g-base": "~0.5.6",
                "@antv/g-canvas": "~0.5.10",
                "@antv/g-svg": "~0.5.6",
                "@antv/matrix-util": "^3.1.0-beta.1",
                "@antv/path-util": "^2.0.3",
                "@antv/scale": "^0.3.7",
                "@antv/util": "~2.0.5",
                "tslib": "^2.0.0"
            }
        },
        "@antv/matrix-util": {
            "version": "3.1.0-beta.2",
            "resolved": "https://registry.npmjs.org/@antv/matrix-util/-/matrix-util-3.1.0-beta.2.tgz",
            "integrity": "sha512-Efwp0ZHxVDK/8RUa/RRWN7HKFHJmjn7Oq5HaNBbCmsxd7JTla3Zsoq1AZrjWMDlq0lplo77urclwI+XIW8NEHw==",
            "requires": {
                "@antv/util": "^2.0.9",
                "gl-matrix": "^3.3.0",
                "tslib": "^1.10.0"
            },
            "dependencies": {
                "tslib": {
                    "version": "1.14.1",
                    "resolved": "https://registry.npmjs.org/tslib/-/tslib-1.14.1.tgz",
                    "integrity": "sha512-Xni35NKzjgMrwevysHTCArtLDpPvye8zV/0E4EyYn43P7/7qvQwPh9BGkHewbMulVntbigmcT7rdX3BNo9wRJg=="
                }
            }
        },
        "@antv/path-util": {
            "version": "2.0.9",
            "resolved": "https://registry.npmjs.org/@antv/path-util/-/path-util-2.0.9.tgz",
            "integrity": "sha512-kunEz4dNheQMVn4rVFsoBDx+n9Knfi3uRLvDk9SojZAqpninsjFhdoiYtbExwJGz1FYGtiV10Y6N1tp73kZFcg==",
            "requires": {
                "@antv/util": "^2.0.9",
                "tslib": "^2.0.3"
            }
        },
        "@antv/scale": {
            "version": "0.3.10",
            "resolved": "https://registry.npmjs.org/@antv/scale/-/scale-0.3.10.tgz",
            "integrity": "sha512-WMs60cYp9YRqddSriP/RX7ZLQNj2oxTTkt7mm1J4N9/DFLIEBMW8/z7Qqv7enG5oBDKlG0cCkyL++ZY4aPrQUw==",
            "requires": {
                "@antv/util": "~2.0.3",
                "fecha": "~4.2.0",
                "tslib": "^2.0.0"
            }
        },
        "@antv/util": {
            "version": "2.0.13",
            "resolved": "https://registry.npmjs.org/@antv/util/-/util-2.0.13.tgz",
            "integrity": "sha512-mfYL7K8XJIeDmal33K+6abr8Yb526YXKg5XQlddNo+X1Doll+gun6HxnbdySoLv21vW4bLkcbVPjqxWl7ZJAFA==",
            "requires": {
                "tslib": "^2.0.3"
            }
        },
        "@babel/helper-validator-identifier": {
            "version": "7.14.0",
            "resolved": "https://registry.npmjs.org/@babel/helper-validator-identifier/-/helper-validator-identifier-7.14.0.tgz",
            "integrity": "sha512-V3ts7zMSu5lfiwWDVWzRDGIN+lnCEUdaXgtVHJgLb1rGaA6jMrtB9EmE7L18foXJIE8Un/A/h6NJfGQp/e1J4A=="
        },
        "@babel/parser": {
            "version": "7.14.4",
            "resolved": "https://registry.npmjs.org/@babel/parser/-/parser-7.14.4.tgz",
            "integrity": "sha512-ArliyUsWDUqEGfWcmzpGUzNfLxTdTp6WU4IuP6QFSp9gGfWS6boxFCkJSJ/L4+RG8z/FnIU3WxCk6hPL9SSWeA=="
        },
        "@babel/types": {
            "version": "7.14.4",
            "resolved": "https://registry.npmjs.org/@babel/types/-/types-7.14.4.tgz",
            "integrity": "sha512-lCj4aIs0xUefJFQnwwQv2Bxg7Omd6bgquZ6LGC+gGMh6/s5qDVfjuCMlDmYQ15SLsWHd9n+X3E75lKIhl5Lkiw==",
            "requires": {
                "@babel/helper-validator-identifier": "^7.14.0",
                "to-fast-properties": "^2.0.0"
            }
        },
        "@types/d3-timer": {
            "version": "2.0.0",
            "resolved": "https://registry.npmjs.org/@types/d3-timer/-/d3-timer-2.0.0.tgz",
            "integrity": "sha512-l6stHr1VD1BWlW6u3pxrjLtJfpPZq9I3XmKIQtq7zHM/s6fwEtI1Yn6Sr5/jQTrUDCC5jkS6gWqlFGCDArDqNg=="
        },
        "@vue/compiler-core": {
            "version": "3.1.1",
            "resolved": "https://registry.npmjs.org/@vue/compiler-core/-/compiler-core-3.1.1.tgz",
            "integrity": "sha512-Z1RO3T6AEtAUFf2EqqovFm3ohAeTvFzRtB0qUENW2nEerJfdlk13/LS1a0EgsqlzxmYfR/S/S/gW9PLbFZZxkA==",
            "requires": {
                "@babel/parser": "^7.12.0",
                "@babel/types": "^7.12.0",
                "@vue/shared": "3.1.1",
                "estree-walker": "^2.0.1",
                "source-map": "^0.6.1"
            }
        },
        "@vue/compiler-dom": {
            "version": "3.1.1",
            "resolved": "https://registry.npmjs.org/@vue/compiler-dom/-/compiler-dom-3.1.1.tgz",
            "integrity": "sha512-nobRIo0t5ibzg+q8nC31m+aJhbq8FbWUoKvk6h3Vs1EqTDJaj6lBTcVTq5or8AYht7FbSpdAJ81isbJ1rWNX7A==",
            "requires": {
                "@vue/compiler-core": "3.1.1",
                "@vue/shared": "3.1.1"
            }
        },
        "@vue/reactivity": {
            "version": "3.1.1",
            "resolved": "https://registry.npmjs.org/@vue/reactivity/-/reactivity-3.1.1.tgz",
            "integrity": "sha512-DsH5woNVCcPK1M0RRYVgJEU1GJDU2ASOKpAqW3ppHk+XjoFLCbqc/26RTCgTpJYd9z8VN+79Q1u7/QqgQPbuLQ==",
            "requires": {
                "@vue/shared": "3.1.1"
            }
        },
        "@vue/runtime-core": {
            "version": "3.1.1",
            "resolved": "https://registry.npmjs.org/@vue/runtime-core/-/runtime-core-3.1.1.tgz",
            "integrity": "sha512-GboqR02txOtkd9F3Ysd8ltPL68vTCqIx2p/J52/gFtpgb5FG9hvOAPEwFUqxeEJRu7ResvQnmdOHiEycGPCLhQ==",
            "requires": {
                "@vue/reactivity": "3.1.1",
                "@vue/shared": "3.1.1"
            }
        },
        "@vue/runtime-dom": {
            "version": "3.1.1",
            "resolved": "https://registry.npmjs.org/@vue/runtime-dom/-/runtime-dom-3.1.1.tgz",
            "integrity": "sha512-o57n/199e/BBAmLRMSXmD2r12Old/h/gf6BgL0RON1NT2pwm6MWaMY4Ul55eyq+FsDILz4jR/UgoPQ9vYB8xcw==",
            "requires": {
                "@vue/runtime-core": "3.1.1",
                "@vue/shared": "3.1.1",
                "csstype": "^2.6.8"
            }
        },
        "@vue/shared": {
            "version": "3.1.1",
            "resolved": "https://registry.npmjs.org/@vue/shared/-/shared-3.1.1.tgz",
            "integrity": "sha512-g+4pzAw7PYSjARtLBoDq6DmcblX8i9KJHSCnyM5VDDFFifUaUT9iHbFpOF/KOizQ9f7QAqU2JH3Y6aXjzUMhVA=="
        },
        "csstype": {
            "version": "2.6.17",
            "resolved": "https://registry.npmjs.org/csstype/-/csstype-2.6.17.tgz",
            "integrity": "sha512-u1wmTI1jJGzCJzWndZo8mk4wnPTZd1eOIYTYvuEyOQGfmDl3TrabCCfKnOC86FZwW/9djqTl933UF/cS425i9A=="
        },
        "d3-color": {
            "version": "1.4.1",
            "resolved": "https://registry.npmjs.org/d3-color/-/d3-color-1.4.1.tgz",
            "integrity": "sha512-p2sTHSLCJI2QKunbGb7ocOh7DgTAn8IrLx21QRc/BSnodXM4sv6aLQlnfpvehFMLZEfBc6g9pH9SWQccFYfJ9Q=="
        },
        "d3-ease": {
            "version": "1.0.7",
            "resolved": "https://registry.npmjs.org/d3-ease/-/d3-ease-1.0.7.tgz",
            "integrity": "sha512-lx14ZPYkhNx0s/2HX5sLFUI3mbasHjSSpwO/KaaNACweVwxUruKyWVcb293wMv1RqTPZyZ8kSZ2NogUZNcLOFQ=="
        },
        "d3-interpolate": {
            "version": "1.4.0",
            "resolved": "https://registry.npmjs.org/d3-interpolate/-/d3-interpolate-1.4.0.tgz",
            "integrity": "sha512-V9znK0zc3jOPV4VD2zZn0sDhZU3WAE2bmlxdIwwQPPzPjvyLkd8B3JUVdS1IDUFDkWZ72c9qnv1GK2ZagTZ8EA==",
            "requires": {
                "d3-color": "1"
            }
        },
        "d3-timer": {
            "version": "1.0.10",
            "resolved": "https://registry.npmjs.org/d3-timer/-/d3-timer-1.0.10.tgz",
            "integrity": "sha512-B1JDm0XDaQC+uvo4DT79H0XmBskgS3l6Ve+1SBCfxgmtIb1AVrPIoqd+nPSv+loMX8szQ0sVUhGngL7D5QPiXw=="
        },
        "detect-browser": {
            "version": "5.2.0",
            "resolved": "https://registry.npmjs.org/detect-browser/-/detect-browser-5.2.0.tgz",
            "integrity": "sha512-tr7XntDAu50BVENgQfajMLzacmSe34D+qZc4zjnniz0ZVuw/TZcLcyxHQjYpJTM36sGEkZZlYLnIM1hH7alTMA=="
        },
        "esbuild": {
            "version": "0.12.6",
            "resolved": "https://registry.npmjs.org/esbuild/-/esbuild-0.12.6.tgz",
            "integrity": "sha512-RDvVLvAjsq/kIZJoneMiUOH7EE7t2QaW7T3Q7EdQij14+bZbDq5sndb0tTanmHIFSqZVMBMMyqzVHkS3dJobeA==",
            "dev": true
        },
        "estree-walker": {
            "version": "2.0.2",
            "resolved": "https://registry.npmjs.org/estree-walker/-/estree-walker-2.0.2.tgz",
            "integrity": "sha512-Rfkk/Mp/DL7JVje3u18FxFujQlTNR2q6QfMSMB7AvCBx91NGj/ba3kCfza0f6dVDbw7YlRf/nDrn7pQrCCyQ/w=="
        },
        "fecha": {
            "version": "4.2.1",
            "resolved": "https://registry.npmjs.org/fecha/-/fecha-4.2.1.tgz",
            "integrity": "sha512-MMMQ0ludy/nBs1/o0zVOiKTpG7qMbonKUzjJgQFEuvq6INZ1OraKPRAWkBq5vlKLOUMpmNYG1JoN3oDPUQ9m3Q=="
        },
        "gl-matrix": {
            "version": "3.3.0",
            "resolved": "https://registry.npmjs.org/gl-matrix/-/gl-matrix-3.3.0.tgz",
            "integrity": "sha512-COb7LDz+SXaHtl/h4LeaFcNdJdAQSDeVqjiIihSXNrkWObZLhDI4hIkZC11Aeqp7bcE72clzB0BnDXr2SmslRA=="
        },
        "source-map": {
            "version": "0.6.1",
            "resolved": "https://registry.npmjs.org/source-map/-/source-map-0.6.1.tgz",
            "integrity": "sha512-UjgapumWlbMhkBgzT7Ykc5YXUT46F0iKu8SGXq0bcwP5dz/h0Plj6enJqjz1Zbq2l5WaqYnrVbwWOWMyF3F47g=="
        },
        "to-fast-properties": {
            "version": "2.0.0",
            "resolved": "https://registry.npmjs.org/to-fast-properties/-/to-fast-properties-2.0.0.tgz",
            "integrity": "sha1-3F5pjL0HkmW8c+A3doGk5Og/YW4="
        },
        "tslib": {
            "version": "2.2.0",
            "resolved": "https://registry.npmjs.org/tslib/-/tslib-2.2.0.tgz",
            "integrity": "sha512-gS9GVHRU+RGn5KQM2rllAlR3dU6m7AcpJKdtH8gFvQiC4Otgk98XnmMU+nZenHt/+VhnBPWwgrJsyrdcw6i23w=="
        },
        "vue": {
            "version": "3.1.1",
            "resolved": "https://registry.npmjs.org/vue/-/vue-3.1.1.tgz",
            "integrity": "sha512-j9fj3PNPMxo2eqOKYjMuss9XBS8ZtmczLY3kPvjcp9d3DbhyNqLYbaMQH18+1pDIzzVvQCQBvIf774LsjjqSKA==",
            "requires": {
                "@vue/compiler-dom": "3.1.1",
                "@vue/runtime-dom": "3.1.1",
                "@vue/shared": "3.1.1"
            }
        }
    }
}
